// !$*UTF8*$!
{
	archiveVersion = 1;
	classes = {
	};
	objectVersion = 46;
	objects = {

/* Begin PBXBuildFile section */
		274E60D21E1D447B0098DFBE /* WelcomeVC.swift in Sources */ = {isa = PBXBuildFile; fileRef = 274E60D11E1D447B0098DFBE /* WelcomeVC.swift */; };
		274E60D41E1D47AE0098DFBE /* FindVC.swift in Sources */ = {isa = PBXBuildFile; fileRef = 274E60D31E1D47AE0098DFBE /* FindVC.swift */; };
		274E60D61E1D48280098DFBE /* HistoryVC.swift in Sources */ = {isa = PBXBuildFile; fileRef = 274E60D51E1D48280098DFBE /* HistoryVC.swift */; };
		275499A01E2148D100A2FA6E /* SWRevealViewController.m in Sources */ = {isa = PBXBuildFile; fileRef = 2754999F1E2148D100A2FA6E /* SWRevealViewController.m */; };
		277C431E1E21090200DD3C61 /* TableCell.swift in Sources */ = {isa = PBXBuildFile; fileRef = 277C431D1E21090200DD3C61 /* TableCell.swift */; };
		277C43201E212EC500DD3C61 /* AboutVC.swift in Sources */ = {isa = PBXBuildFile; fileRef = 277C431F1E212EC500DD3C61 /* AboutVC.swift */; };
		277C43221E212ED600DD3C61 /* ContactUsVC.swift in Sources */ = {isa = PBXBuildFile; fileRef = 277C43211E212ED600DD3C61 /* ContactUsVC.swift */; };
		27B748C31E1D2A0300AA9F0F /* AppDelegate.swift in Sources */ = {isa = PBXBuildFile; fileRef = 27B748C21E1D2A0300AA9F0F /* AppDelegate.swift */; };
		27B748C51E1D2A0300AA9F0F /* TableViewController.swift in Sources */ = {isa = PBXBuildFile; fileRef = 27B748C41E1D2A0300AA9F0F /* TableViewController.swift */; };
		27B748C81E1D2A0400AA9F0F /* Main.storyboard in Resources */ = {isa = PBXBuildFile; fileRef = 27B748C61E1D2A0400AA9F0F /* Main.storyboard */; };
		27B748CA1E1D2A0400AA9F0F /* Assets.xcassets in Resources */ = {isa = PBXBuildFile; fileRef = 27B748C91E1D2A0400AA9F0F /* Assets.xcassets */; };
		27B748CD1E1D2A0400AA9F0F /* LaunchScreen.storyboard in Resources */ = {isa = PBXBuildFile; fileRef = 27B748CB1E1D2A0400AA9F0F /* LaunchScreen.storyboard */; };
/* End PBXBuildFile section */

/* Begin PBXFileReference section */
		274E60D11E1D447B0098DFBE /* WelcomeVC.swift */ = {isa = PBXFileReference; fileEncoding = 4; lastKnownFileType = sourcecode.swift; path = WelcomeVC.swift; sourceTree = "<group>"; };
		274E60D31E1D47AE0098DFBE /* FindVC.swift */ = {isa = PBXFileReference; fileEncoding = 4; lastKnownFileType = sourcecode.swift; path = FindVC.swift; sourceTree = "<group>"; };
		274E60D51E1D48280098DFBE /* HistoryVC.swift */ = {isa = PBXFileReference; fileEncoding = 4; lastKnownFileType = sourcecode.swift; path = HistoryVC.swift; sourceTree = "<group>"; };
		2754999D1E2148D000A2FA6E /* SlideoutMenu-Bridging-Header.h */ = {isa = PBXFileReference; lastKnownFileType = sourcecode.c.h; path = "SlideoutMenu-Bridging-Header.h"; sourceTree = "<group>"; };
		2754999E1E2148D100A2FA6E /* SWRevealViewController.h */ = {isa = PBXFileReference; fileEncoding = 4; lastKnownFileType = sourcecode.c.h; path = SWRevealViewController.h; sourceTree = "<group>"; };
		2754999F1E2148D100A2FA6E /* SWRevealViewController.m */ = {isa = PBXFileReference; fileEncoding = 4; lastKnownFileType = sourcecode.c.objc; path = SWRevealViewController.m; sourceTree = "<group>"; };
		277C431D1E21090200DD3C61 /* TableCell.swift */ = {isa = PBXFileReference; fileEncoding = 4; lastKnownFileType = sourcecode.swift; path = TableCell.swift; sourceTree = "<group>"; };
		277C431F1E212EC500DD3C61 /* AboutVC.swift */ = {isa = PBXFileReference; fileEncoding = 4; lastKnownFileType = sourcecode.swift; path = AboutVC.swift; sourceTree = "<group>"; };
		277C43211E212ED600DD3C61 /* ContactUsVC.swift */ = {isa = PBXFileReference; fileEncoding = 4; lastKnownFileType = sourcecode.swift; path = ContactUsVC.swift; sourceTree = "<group>"; };
		27B748BF1E1D2A0300AA9F0F /* SlideoutMenu.app */ = {isa = PBXFileReference; explicitFileType = wrapper.application; includeInIndex = 0; path = SlideoutMenu.app; sourceTree = BUILT_PRODUCTS_DIR; };
		27B748C21E1D2A0300AA9F0F /* AppDelegate.swift */ = {isa = PBXFileReference; lastKnownFileType = sourcecode.swift; path = AppDelegate.swift; sourceTree = "<group>"; };
		27B748C41E1D2A0300AA9F0F /* TableViewController.swift */ = {isa = PBXFileReference; lastKnownFileType = sourcecode.swift; path = TableViewController.swift; sourceTree = "<group>"; };
		27B748C71E1D2A0400AA9F0F /* Base */ = {isa = PBXFileReference; lastKnownFileType = file.storyboard; name = Base; path = Base.lproj/Main.storyboard; sourceTree = "<group>"; };
		27B748C91E1D2A0400AA9F0F /* Assets.xcassets */ = {isa = PBXFileReference; lastKnownFileType = folder.assetcatalog; path = Assets.xcassets; sourceTree = "<group>"; };
		27B748CC1E1D2A0400AA9F0F /* Base */ = {isa = PBXFileReference; lastKnownFileType = file.storyboard; name = Base; path = Base.lproj/LaunchScreen.storyboard; sourceTree = "<group>"; };
		27B748CE1E1D2A0400AA9F0F /* Info.plist */ = {isa = PBXFileReference; lastKnownFileType = text.plist.xml; path = Info.plist; sourceTree = "<group>"; };
/* End PBXFileReference section */

/* Begin PBXFrameworksBuildPhase section */
		27B748BC1E1D2A0300AA9F0F /* Frameworks */ = {
			isa = PBXFrameworksBuildPhase;
			buildActionMask = 2147483647;
			files = (
			);
			runOnlyForDeploymentPostprocessing = 0;
		};
/* End PBXFrameworksBuildPhase section */

/* Begin PBXGroup section */
		274E60CA1E1D385D0098DFBE /* Supporting Files */ = {
			isa = PBXGroup;
			children = (
				2754999E1E2148D100A2FA6E /* SWRevealViewController.h */,
				2754999F1E2148D100A2FA6E /* SWRevealViewController.m */,
				2754999D1E2148D000A2FA6E /* SlideoutMenu-Bridging-Header.h */,
			);
			name = "Supporting Files";
			sourceTree = "<group>";
		};
		27B748B61E1D2A0300AA9F0F = {
			isa = PBXGroup;
			children = (
				27B748C11E1D2A0300AA9F0F /* SlideoutMenu */,
				27B748C01E1D2A0300AA9F0F /* Products */,
			);
			sourceTree = "<group>";
		};
		27B748C01E1D2A0300AA9F0F /* Products */ = {
			isa = PBXGroup;
			children = (
				27B748BF1E1D2A0300AA9F0F /* SlideoutMenu.app */,
			);
			name = Products;
			sourceTree = "<group>";
		};
		27B748C11E1D2A0300AA9F0F /* SlideoutMenu */ = {
			isa = PBXGroup;
			children = (
				27B748C21E1D2A0300AA9F0F /* AppDelegate.swift */,
				27B748C41E1D2A0300AA9F0F /* TableViewController.swift */,
				27B748C61E1D2A0400AA9F0F /* Main.storyboard */,
				27B748C91E1D2A0400AA9F0F /* Assets.xcassets */,
				27B748CB1E1D2A0400AA9F0F /* LaunchScreen.storyboard */,
				27B748CE1E1D2A0400AA9F0F /* Info.plist */,
				274E60CA1E1D385D0098DFBE /* Supporting Files */,
				277C431D1E21090200DD3C61 /* TableCell.swift */,
				274E60D11E1D447B0098DFBE /* WelcomeVC.swift */,
				274E60D31E1D47AE0098DFBE /* FindVC.swift */,
				274E60D51E1D48280098DFBE /* HistoryVC.swift */,
				277C431F1E212EC500DD3C61 /* AboutVC.swift */,
				277C43211E212ED600DD3C61 /* ContactUsVC.swift */,
			);
			path = SlideoutMenu;
			sourceTree = "<group>";
		};
/* End PBXGroup section */

/* Begin PBXNativeTarget section */
		27B748BE1E1D2A0300AA9F0F /* SlideoutMenu */ = {
			isa = PBXNativeTarget;
			buildConfigurationList = 27B748D11E1D2A0400AA9F0F /* Build configuration list for PBXNativeTarget "SlideoutMenu" */;
			buildPhases = (
				27B748BB1E1D2A0300AA9F0F /* Sources */,
				27B748BC1E1D2A0300AA9F0F /* Frameworks */,
				27B748BD1E1D2A0300AA9F0F /* Resources */,
			);
			buildRules = (
			);
			dependencies = (
			);
			name = SlideoutMenu;
			productName = instrumens;
			productReference = 27B748BF1E1D2A0300AA9F0F /* SlideoutMenu.app */;
			productType = "com.apple.product-type.application";
		};
/* End PBXNativeTarget section */

/* Begin PBXProject section */
		27B748B71E1D2A0300AA9F0F /* Project object */ = {
			isa = PBXProject;
			attributes = {
				LastSwiftUpdateCheck = 0820;
				LastUpgradeCheck = 0820;
				ORGANIZATIONNAME = "Fotis Kalaitzidis";
				TargetAttributes = {
					27B748BE1E1D2A0300AA9F0F = {
						CreatedOnToolsVersion = 8.2;
						DevelopmentTeam = 62QZFN76D2;
						LastSwiftMigration = 0820;
						ProvisioningStyle = Automatic;
					};
				};
			};
			buildConfigurationList = 27B748BA1E1D2A0300AA9F0F /* Build configuration list for PBXProject "SlideoutMenu" */;
			compatibilityVersion = "Xcode 3.2";
			developmentRegion = English;
			hasScannedForEncodings = 0;
			knownRegions = (
				en,
				Base,
			);
			mainGroup = 27B748B61E1D2A0300AA9F0F;
			productRefGroup = 27B748C01E1D2A0300AA9F0F /* Products */;
			projectDirPath = "";
			projectRoot = "";
			targets = (
				27B748BE1E1D2A0300AA9F0F /* SlideoutMenu */,
			);
		};
/* End PBXProject section */

/* Begin PBXResourcesBuildPhase section */
		27B748BD1E1D2A0300AA9F0F /* Resources */ = {
			isa = PBXResourcesBuildPhase;
			buildActionMask = 2147483647;
			files = (
				27B748CD1E1D2A0400AA9F0F /* LaunchScreen.storyboard in Resources */,
				27B748CA1E1D2A0400AA9F0F /* Assets.xcassets in Resources */,
				27B748C81E1D2A0400AA9F0F /* Main.storyboard in Resources */,
			);
			runOnlyForDeploymentPostprocessing = 0;
		};
/* End PBXResourcesBuildPhase section */

/* Begin PBXSourcesBuildPhase section */
		27B748BB1E1D2A0300AA9F0F /* Sources */ = {
			isa = PBXSourcesBuildPhase;
			buildActionMask = 2147483647;
			files = (
				274E60D61E1D48280098DFBE /* HistoryVC.swift in Sources */,
				27B748C51E1D2A0300AA9F0F /* TableViewController.swift in Sources */,
				277C431E1E21090200DD3C61 /* TableCell.swift in Sources */,
				27B748C31E1D2A0300AA9F0F /* AppDelegate.swift in Sources */,
				277C43201E212EC500DD3C61 /* AboutVC.swift in Sources */,
				274E60D21E1D447B0098DFBE /* WelcomeVC.swift in Sources */,
				275499A01E2148D100A2FA6E /* SWRevealViewController.m in Sources */,
				274E60D41E1D47AE0098DFBE /* FindVC.swift in Sources */,
				277C43221E212ED600DD3C61 /* ContactUsVC.swift in Sources */,
			);
			runOnlyForDeploymentPostprocessing = 0;
		};
/* End PBXSourcesBuildPhase section */

/* Begin PBXVariantGroup section */
		27B748C61E1D2A0400AA9F0F /* Main.storyboard */ = {
			isa = PBXVariantGroup;
			children = (
				27B748C71E1D2A0400AA9F0F /* Base */,
			);
			name = Main.storyboard;
			sourceTree = "<group>";
		};
		27B748CB1E1D2A0400AA9F0F /* LaunchScreen.storyboard */ = {
			isa = PBXVariantGroup;
			children = (
				27B748CC1E1D2A0400AA9F0F /* Base */,
			);
			name = LaunchScreen.storyboard;
			sourceTree = "<group>";
		};
/* End PBXVariantGroup section */

/* Begin XCBuildConfiguration section */
		27B748CF1E1D2A0400AA9F0F /* Debug */ = {
			isa = XCBuildConfiguration;
			buildSettings = {
				ALWAYS_SEARCH_USER_PATHS = NO;
				CLANG_ANALYZER_NONNULL = YES;
				CLANG_CXX_LANGUAGE_STANDARD = "gnu++0x";
				CLANG_CXX_LIBRARY = "libc++";
				CLANG_ENABLE_MODULES = YES;
				CLANG_ENABLE_OBJC_ARC = YES;
				CLANG_WARN_BOOL_CONVERSION = YES;
				CLANG_WARN_CONSTANT_CONVERSION = YES;
				CLANG_WARN_DIRECT_OBJC_ISA_USAGE = YES_ERROR;
				CLANG_WARN_DOCUMENTATION_COMMENTS = YES;
				CLANG_WARN_EMPTY_BODY = YES;
				CLANG_WARN_ENUM_CONVERSION = YES;
				CLANG_WARN_INFINITE_RECURSION = YES;
				CLANG_WARN_INT_CONVERSION = YES;
				CLANG_WARN_OBJC_ROOT_CLASS = YES_ERROR;
				CLANG_WARN_SUSPICIOUS_MOVE = YES;
				CLANG_WARN_UNREACHABLE_CODE = YES;
				CLANG_WARN__DUPLICATE_METHOD_MATCH = YES;
				"CODE_SIGN_IDENTITY[sdk=iphoneos*]" = "iPhone Developer";
				COPY_PHASE_STRIP = NO;
				DEBUG_INFORMATION_FORMAT = dwarf;
				ENABLE_STRICT_OBJC_MSGSEND = YES;
				ENABLE_TESTABILITY = YES;
				GCC_C_LANGUAGE_STANDARD = gnu99;
				GCC_DYNAMIC_NO_PIC = NO;
				GCC_NO_COMMON_BLOCKS = YES;
				GCC_OPTIMIZATION_LEVEL = 0;
				GCC_PREPROCESSOR_DEFINITIONS = (
					"DEBUG=1",
					"$(inherited)",
				);
				GCC_WARN_64_TO_32_BIT_CONVERSION = YES;
				GCC_WARN_ABOUT_RETURN_TYPE = YES_ERROR;
				GCC_WARN_UNDECLARED_SELECTOR = YES;
				GCC_WARN_UNINITIALIZED_AUTOS = YES_AGGRESSIVE;
				GCC_WARN_UNUSED_FUNCTION = YES;
				GCC_WARN_UNUSED_VARIABLE = YES;
				IPHONEOS_DEPLOYMENT_TARGET = 10.2;
				MTL_ENABLE_DEBUG_INFO = YES;
				ONLY_ACTIVE_ARCH = YES;
				SDKROOT = iphoneos;
				SWIFT_ACTIVE_COMPILATION_CONDITIONS = DEBUG;
				SWIFT_OPTIMIZATION_LEVEL = "-Onone";
				TARGETED_DEVICE_FAMILY = "1,2";
			};
			name = Debug;
		};
		27B748D01E1D2A0400AA9F0F /* Release */ = {
			isa = XCBuildConfiguration;
			buildSettings = {
				ALWAYS_SEARCH_USER_PATHS = NO;
				CLANG_ANALYZER_NONNULL = YES;
				CLANG_CXX_LANGUAGE_STANDARD = "gnu++0x";
				CLANG_CXX_LIBRARY = "libc++";
				CLANG_ENABLE_MODULES = YES;
				CLANG_ENABLE_OBJC_ARC = YES;
				CLANG_WARN_BOOL_CONVERSION = YES;
				CLANG_WARN_CONSTANT_CONVERSION = YES;
				CLANG_WARN_DIRECT_OBJC_ISA_USAGE = YES_ERROR;
				CLANG_WARN_DOCUMENTATION_COMMENTS = YES;
				CLANG_WARN_EMPTY_BODY = YES;
				CLANG_WARN_ENUM_CONVERSION = YES;
				CLANG_WARN_INFINITE_RECURSION = YES;
				CLANG_WARN_INT_CONVERSION = YES;
				CLANG_WARN_OBJC_ROOT_CLASS = YES_ERROR;
				CLANG_WARN_SUSPICIOUS_MOVE = YES;
				CLANG_WARN_UNREACHABLE_CODE = YES;
				CLANG_WARN__DUPLICATE_METHOD_MATCH = YES;
				"CODE_SIGN_IDENTITY[sdk=iphoneos*]" = "iPhone Developer";
				COPY_PHASE_STRIP = NO;
				DEBUG_INFORMATION_FORMAT = "dwarf-with-dsym";
				ENABLE_NS_ASSERTIONS = NO;
				ENABLE_STRICT_OBJC_MSGSEND = YES;
				GCC_C_LANGUAGE_STANDARD = gnu99;
				GCC_NO_COMMON_BLOCKS = YES;
				GCC_WARN_64_TO_32_BIT_CONVERSION = YES;
				GCC_WARN_ABOUT_RETURN_TYPE = YES_ERROR;
				GCC_WARN_UNDECLARED_SELECTOR = YES;
				GCC_WARN_UNINITIALIZED_AUTOS = YES_AGGRESSIVE;
				GCC_WARN_UNUSED_FUNCTION = YES;
				GCC_WARN_UNUSED_VARIABLE = YES;
				IPHONEOS_DEPLOYMENT_TARGET = 10.2;
				MTL_ENABLE_DEBUG_INFO = NO;
				SDKROOT = iphoneos;
				SWIFT_OPTIMIZATION_LEVEL = "-Owholemodule";
				TARGETED_DEVICE_FAMILY = "1,2";
				VALIDATE_PRODUCT = YES;
			};
			name = Release;
		};
		27B748D21E1D2A0400AA9F0F /* Debug */ = {
			isa = XCBuildConfiguration;
			buildSettings = {
				ASSETCATALOG_COMPILER_APPICON_NAME = AppIcon;
				CLANG_ENABLE_MODULES = YES;
				DEVELOPMENT_TEAM = 62QZFN76D2;
				INFOPLIST_FILE = "$(SRCROOT)/SlideoutMenu/Info.plist";
				LD_RUNPATH_SEARCH_PATHS = "$(inherited) @executable_path/Frameworks";
				PRODUCT_BUNDLE_IDENTIFIER = com.fotisDev.com.instrumens;
				PRODUCT_NAME = "$(TARGET_NAME)";
				SWIFT_OBJC_BRIDGING_HEADER = "SlideoutMenu/SlideoutMenu-Bridging-Header.h";
				SWIFT_OPTIMIZATION_LEVEL = "-Onone";
				SWIFT_VERSION = 3.0;
				TARGETED_DEVICE_FAMILY = "1,2";
			};
			name = Debug;
		};
		27B748D31E1D2A0400AA9F0F /* Release */ = {
			isa = XCBuildConfiguration;
			buildSettings = {
				ASSETCATALOG_COMPILER_APPICON_NAME = AppIcon;
				CLANG_ENABLE_MODULES = YES;
				DEVELOPMENT_TEAM = 62QZFN76D2;
				INFOPLIST_FILE = "$(SRCROOT)/SlideoutMenu/Info.plist";
				LD_RUNPATH_SEARCH_PATHS = "$(inherited) @executable_path/Frameworks";
				PRODUCT_BUNDLE_IDENTIFIER = com.fotisDev.com.instrumens;
				PRODUCT_NAME = "$(TARGET_NAME)";
				SWIFT_OBJC_BRIDGING_HEADER = "SlideoutMenu/SlideoutMenu-Bridging-Header.h";
				SWIFT_VERSION = 3.0;
				TARGETED_DEVICE_FAMILY = "1,2";
			};
			name = Release;
		};
/* End XCBuildConfiguration section */

/* Begin XCConfigurationList section */
		27B748BA1E1D2A0300AA9F0F /* Build configuration list for PBXProject "SlideoutMenu" */ = {
			isa = XCConfigurationList;
			buildConfigurations = (
				27B748CF1E1D2A0400AA9F0F /* Debug */,
				27B748D01E1D2A0400AA9F0F /* Release */,
			);
			defaultConfigurationIsVisible = 0;
			defaultConfigurationName = Release;
		};
		27B748D11E1D2A0400AA9F0F /* Build configuration list for PBXNativeTarget "SlideoutMenu" */ = {
			isa = XCConfigurationList;
			buildConfigurations = (
				27B748D21E1D2A0400AA9F0F /* Debug */,
				27B748D31E1D2A0400AA9F0F /* Release */,
			);
			defaultConfigurationIsVisible = 0;
			defaultConfigurationName = Release;
		};
/* End XCConfigurationList section */
	};
	rootObject = 27B748B71E1D2A0300AA9F0F /* Project object */;
}
